{
  "version": 4,
  "terraform_version": "1.0.10",
  "serial": 112,
  "lineage": "2fbb6570-6b09-108b-a901-6ac534ace963",
  "outputs": {
    "external_ip_address_node01_yandex_cloud": {
      "value": "51.250.3.165",
      "type": "string"
    },
    "external_ip_address_node02_yandex_cloud": {
      "value": "51.250.5.253",
      "type": "string"
    },
    "internal_ip_address_node01_yandex_cloud": {
      "value": "192.168.101.14",
      "type": "string"
    },
    "internal_ip_address_node02_yandex_cloud": {
      "value": "192.168.101.25",
      "type": "string"
    }
  },
  "resources": [
    {
      "mode": "managed",
      "type": "yandex_compute_instance",
      "name": "node01",
      "provider": "provider[\"registry.terraform.io/yandex-cloud/yandex\"]",
      "instances": [
        {
          "schema_version": 1,
          "attributes": {
            "allow_stopping_for_update": true,
            "boot_disk": [
              {
                "auto_delete": true,
                "device_name": "fhm1pg9oa8i65nlovmjk",
                "disk_id": "fhm1pg9oa8i65nlovmjk",
                "initialize_params": [
                  {
                    "description": "",
                    "image_id": "fd8jc7jjrdbl9gu47ubu",
                    "name": "root-node01",
                    "size": 50,
                    "snapshot_id": "",
                    "type": "network-ssd"
                  }
                ],
                "mode": "READ_WRITE"
              }
            ],
            "created_at": "2021-11-13T18:45:09Z",
            "description": "",
            "folder_id": "b1g9eq93ionckal26dpc",
            "fqdn": "node01.netology.cloud",
            "hostname": "node01",
            "id": "fhmj059l0qnfj8v9kgko",
            "labels": null,
            "metadata": {
              "ssh-keys": "centos:ssh-rsa AAAAB3NzaC1yc2EAAAADAQABAAABAQDAMprF0MsPCijfrdgdJO4j/2S92exCCzwpLPlAWwj4E032bopXIUV7eHE7TTZmHBPdjwq2hEbfAw/U2YhtnOQzSzyxUaiLRLRjx9tRT30ij2ty7AApaSXCKrbvwHwbSXvvJYTcBM10MY2IHey4HKG5yLUe/Uw4rTfXOlDXGaPYeLL1F89kiHDUgRJa8fOI0iMxxyzt5qsDmtPYw15UQB3MJ89AzkRKX8hCHXMQXtCEyOSvQlmyOLxB0IeXGs32+ckFqB53qR7tu5vU3CNkPURBAaRHLVHBeqfKMoXPnpj5IRHC0siNdbHT3+9XnedBo4nbfe+jKDRP/ttKQuA9+f2t belyaev@air-aleksandr.holding.local\n"
            },
            "name": "node01",
            "network_acceleration_type": "standard",
            "network_interface": [
              {
                "dns_record": [],
                "index": 0,
                "ip_address": "192.168.101.14",
                "ipv4": true,
                "ipv6": false,
                "ipv6_address": "",
                "ipv6_dns_record": [],
                "mac_address": "d0:0d:13:01:53:50",
                "nat": true,
                "nat_dns_record": [],
                "nat_ip_address": "51.250.3.165",
                "nat_ip_version": "IPV4",
                "security_group_ids": [],
                "subnet_id": "e9bac2samqh65pg1dr48"
              }
            ],
            "placement_policy": [
              {
                "placement_group_id": ""
              }
            ],
            "platform_id": "standard-v1",
            "resources": [
              {
                "core_fraction": 100,
                "cores": 8,
                "gpus": 0,
                "memory": 8
              }
            ],
            "scheduling_policy": [
              {
                "preemptible": false
              }
            ],
            "secondary_disk": [],
            "service_account_id": "",
            "status": "running",
            "timeouts": null,
            "zone": "ru-central1-a"
          },
          "sensitive_attributes": [],
          "private": "eyJlMmJmYjczMC1lY2FhLTExZTYtOGY4OC0zNDM2M2JjN2M0YzAiOnsiY3JlYXRlIjozMDAwMDAwMDAwMDAsImRlbGV0ZSI6MzAwMDAwMDAwMDAwLCJ1cGRhdGUiOjMwMDAwMDAwMDAwMH0sInNjaGVtYV92ZXJzaW9uIjoiMSJ9",
          "dependencies": [
            "yandex_vpc_network.default",
            "yandex_vpc_subnet.default"
          ]
        }
      ]
    },
    {
      "mode": "managed",
      "type": "yandex_compute_instance",
      "name": "node02",
      "provider": "provider[\"registry.terraform.io/yandex-cloud/yandex\"]",
      "instances": [
        {
          "schema_version": 1,
          "attributes": {
            "allow_stopping_for_update": true,
            "boot_disk": [
              {
                "auto_delete": true,
                "device_name": "fhmkirki7eqg0b25a4g2",
                "disk_id": "fhmkirki7eqg0b25a4g2",
                "initialize_params": [
                  {
                    "description": "",
                    "image_id": "fd8jc7jjrdbl9gu47ubu",
                    "name": "root-node02",
                    "size": 50,
                    "snapshot_id": "",
                    "type": "network-ssd"
                  }
                ],
                "mode": "READ_WRITE"
              }
            ],
            "created_at": "2021-11-13T18:45:09Z",
            "description": "",
            "folder_id": "b1g9eq93ionckal26dpc",
            "fqdn": "node02.netology.cloud",
            "hostname": "node02",
            "id": "fhm03gr5s9698r08bj9e",
            "labels": null,
            "metadata": {
              "ssh-keys": "centos:ssh-rsa AAAAB3NzaC1yc2EAAAADAQABAAABAQDAMprF0MsPCijfrdgdJO4j/2S92exCCzwpLPlAWwj4E032bopXIUV7eHE7TTZmHBPdjwq2hEbfAw/U2YhtnOQzSzyxUaiLRLRjx9tRT30ij2ty7AApaSXCKrbvwHwbSXvvJYTcBM10MY2IHey4HKG5yLUe/Uw4rTfXOlDXGaPYeLL1F89kiHDUgRJa8fOI0iMxxyzt5qsDmtPYw15UQB3MJ89AzkRKX8hCHXMQXtCEyOSvQlmyOLxB0IeXGs32+ckFqB53qR7tu5vU3CNkPURBAaRHLVHBeqfKMoXPnpj5IRHC0siNdbHT3+9XnedBo4nbfe+jKDRP/ttKQuA9+f2t belyaev@air-aleksandr.holding.local\n"
            },
            "name": "node02",
            "network_acceleration_type": "standard",
            "network_interface": [
              {
                "dns_record": [],
                "index": 0,
                "ip_address": "192.168.101.25",
                "ipv4": true,
                "ipv6": false,
                "ipv6_address": "",
                "ipv6_dns_record": [],
                "mac_address": "d0:0d:1c:36:5e:24",
                "nat": true,
                "nat_dns_record": [],
                "nat_ip_address": "51.250.5.253",
                "nat_ip_version": "IPV4",
                "security_group_ids": [],
                "subnet_id": "e9bac2samqh65pg1dr48"
              }
            ],
            "placement_policy": [
              {
                "placement_group_id": ""
              }
            ],
            "platform_id": "standard-v1",
            "resources": [
              {
                "core_fraction": 100,
                "cores": 8,
                "gpus": 0,
                "memory": 8
              }
            ],
            "scheduling_policy": [
              {
                "preemptible": false
              }
            ],
            "secondary_disk": [],
            "service_account_id": "",
            "status": "running",
            "timeouts": null,
            "zone": "ru-central1-a"
          },
          "sensitive_attributes": [],
          "private": "eyJlMmJmYjczMC1lY2FhLTExZTYtOGY4OC0zNDM2M2JjN2M0YzAiOnsiY3JlYXRlIjozMDAwMDAwMDAwMDAsImRlbGV0ZSI6MzAwMDAwMDAwMDAwLCJ1cGRhdGUiOjMwMDAwMDAwMDAwMH0sInNjaGVtYV92ZXJzaW9uIjoiMSJ9",
          "dependencies": [
            "yandex_vpc_network.default",
            "yandex_vpc_subnet.default"
          ]
        }
      ]
    },
    {
      "mode": "managed",
      "type": "yandex_vpc_network",
      "name": "default",
      "provider": "provider[\"registry.terraform.io/yandex-cloud/yandex\"]",
      "instances": [
        {
          "schema_version": 0,
          "attributes": {
            "created_at": "2021-11-13T18:45:06Z",
            "default_security_group_id": "",
            "description": "",
            "folder_id": "b1g9eq93ionckal26dpc",
            "id": "enpt6e1lkjilfeh6ue3b",
            "labels": {},
            "name": "net",
            "subnet_ids": [],
            "timeouts": null
          },
          "sensitive_attributes": [],
          "private": "eyJlMmJmYjczMC1lY2FhLTExZTYtOGY4OC0zNDM2M2JjN2M0YzAiOnsiY3JlYXRlIjo2MDAwMDAwMDAwMCwiZGVsZXRlIjo2MDAwMDAwMDAwMCwidXBkYXRlIjo2MDAwMDAwMDAwMH19"
        }
      ]
    },
    {
      "mode": "managed",
      "type": "yandex_vpc_subnet",
      "name": "default",
      "provider": "provider[\"registry.terraform.io/yandex-cloud/yandex\"]",
      "instances": [
        {
          "schema_version": 0,
          "attributes": {
            "created_at": "2021-11-13T18:45:07Z",
            "description": "",
            "dhcp_options": [],
            "folder_id": "b1g9eq93ionckal26dpc",
            "id": "e9bac2samqh65pg1dr48",
            "labels": {},
            "name": "subnet",
            "network_id": "enpt6e1lkjilfeh6ue3b",
            "route_table_id": "",
            "timeouts": null,
            "v4_cidr_blocks": [
              "192.168.101.0/24"
            ],
            "v6_cidr_blocks": [],
            "zone": "ru-central1-a"
          },
          "sensitive_attributes": [],
          "private": "eyJlMmJmYjczMC1lY2FhLTExZTYtOGY4OC0zNDM2M2JjN2M0YzAiOnsiY3JlYXRlIjoxODAwMDAwMDAwMDAsImRlbGV0ZSI6MTgwMDAwMDAwMDAwLCJ1cGRhdGUiOjE4MDAwMDAwMDAwMH19",
          "dependencies": [
            "yandex_vpc_network.default"
          ]
        }
      ]
    }
  ]
}
